
Microsoft Visual Studio Solution File, Format Version 12.00
# Visual Studio 15
VisualStudioVersion = 15.0.28307.489
MinimumVisualStudioVersion = 10.0.40219.1
Project("{FAE04EC0-301F-11D3-BF4B-00C04F79EFBC}") = "Tube2R", "Tube2R\Tube2R.csproj", "{63D7E6D0-8731-4675-83B4-248B5F55E0CD}"
EndProject
Global
	GlobalSection(SolutionConfigurationPlatforms) = preSolution
		Debug|Any CPU = Debug|Any CPU
		Release|Any CPU = Release|Any CPU
	EndGlobalSection
	GlobalSection(ProjectConfigurationPlatforms) = postSolution
		{63D7E6D0-8731-4675-83B4-248B5F55E0CD}.Debug|Any CPU.ActiveCfg = Debug|Any CPU
		{63D7E6D0-8731-4675-83B4-248B5F55E0CD}.Debug|Any CPU.Build.0 = Debug|Any CPU
		{63D7E6D0-8731-4675-83B4-248B5F55E0CD}.Release|Any CPU.ActiveCfg = Release|Any CPU
		{63D7E6D0-8731-4675-83B4-248B5F55E0CD}.Release|Any CPU.Build.0 = Release|Any CPU
	EndGlobalSection
	GlobalSection(SolutionProperties) = preSolution
		HideSolutionNode = FALSE
	EndGlobalSection
	GlobalSection(ExtensibilityGlobals) = postSolution
		SolutionGuid = {34CF0505-B6FD-47D5-AEE9-43F8C0508E46}
	EndGlobalSection
EndGlobal
